// !$*UTF8*$!
{
	archiveVersion = 1;
	classes = {
	};
	objectVersion = 77;
	objects = {

/* Begin PBXBuildFile section */
		7A51617A20CAL0CAL0CAL0001 /* NiiVueKit in Frameworks */ = {isa = PBXBuildFile; productRef = 7A51617A20CAL0CAL0CAL0002 /* NiiVueKit */; };
		QL0000000000000000000002 /* QuickLookPreview.appex in Embed Foundation Extensions */ = {isa = PBXBuildFile; fileRef = QL0000000000000000000001 /* QuickLookPreview.appex */; platformFilters = (
				macos,
			); settings = {ATTRIBUTES = (RemoveHeadersOnCopy, ); }; };
/* End PBXBuildFile section */

/* Begin PBXContainerItemProxy section */
		341DC6BA2F9AB2A000FC2408 /* PBXContainerItemProxy */ = {
			isa = PBXContainerItemProxy;
			containerPortal = 341DC6A02F9AB29E00FC2408 /* Project object */;
			proxyType = 1;
			remoteGlobalIDString = 341DC6A72F9AB29E00FC2408;
			remoteInfo = medgfx;
		};
		341DC6C42F9AB2A000FC2408 /* PBXContainerItemProxy */ = {
			isa = PBXContainerItemProxy;
			containerPortal = 341DC6A02F9AB29E00FC2408 /* Project object */;
			proxyType = 1;
			remoteGlobalIDString = 341DC6A72F9AB29E00FC2408;
			remoteInfo = medgfx;
		};
		QL0000000000000000000007 /* PBXContainerItemProxy */ = {
			isa = PBXContainerItemProxy;
			containerPortal = 341DC6A02F9AB29E00FC2408 /* Project object */;
			proxyType = 1;
			remoteGlobalIDString = QL0000000000000000000008;
			remoteInfo = QuickLookPreview;
		};
/* End PBXContainerItemProxy section */

/* Begin PBXFileReference section */
		341DC6A82F9AB29E00FC2408 /* medgfx.app */ = {isa = PBXFileReference; explicitFileType = wrapper.application; includeInIndex = 0; path = medgfx.app; sourceTree = BUILT_PRODUCTS_DIR; };
		341DC6B92F9AB2A000FC2408 /* medgfxTests.xctest */ = {isa = PBXFileReference; explicitFileType = wrapper.cfbundle; includeInIndex = 0; path = medgfxTests.xctest; sourceTree = BUILT_PRODUCTS_DIR; };
		341DC6C32F9AB2A000FC2408 /* medgfxUITests.xctest */ = {isa = PBXFileReference; explicitFileType = wrapper.cfbundle; includeInIndex = 0; path = medgfxUITests.xctest; sourceTree = BUILT_PRODUCTS_DIR; };
		7A51617A10CAL0CAL0CAL0001 /* Signing.local.xcconfig */ = {isa = PBXFileReference; lastKnownFileType = text.xcconfig; path = Signing.local.xcconfig; sourceTree = "<group>"; };
		7A51617A10CAL0CAL0CAL0002 /* Signing.xcconfig.sample */ = {isa = PBXFileReference; lastKnownFileType = text.xcconfig; path = Signing.xcconfig.sample; sourceTree = "<group>"; };
		QL0000000000000000000001 /* QuickLookPreview.appex */ = {isa = PBXFileReference; explicitFileType = "wrapper.app-extension"; includeInIndex = 0; path = QuickLookPreview.appex; sourceTree = BUILT_PRODUCTS_DIR; };
/* End PBXFileReference section */

/* Begin PBXFileSystemSynchronizedBuildFileExceptionSet section */
		341DC6CB2F9AB2A000FC2408 /* Exceptions for "medgfx" folder in "medgfx" target */ = {
			isa = PBXFileSystemSynchronizedBuildFileExceptionSet;
			membershipExceptions = (
				Info.plist,
			);
			target = 341DC6A72F9AB29E00FC2408 /* medgfx */;
		};
		QL0000000000000000000004 /* Exceptions for "QuickLookPreview" folder in "QuickLookPreview" target */ = {
			isa = PBXFileSystemSynchronizedBuildFileExceptionSet;
			membershipExceptions = (
				Info.plist,
			);
			target = QL0000000000000000000008 /* QuickLookPreview */;
		};
/* End PBXFileSystemSynchronizedBuildFileExceptionSet section */

/* Begin PBXFileSystemSynchronizedRootGroup section */
		341DC6AA2F9AB29E00FC2408 /* medgfx */ = {
			isa = PBXFileSystemSynchronizedRootGroup;
			exceptions = (
				341DC6CB2F9AB2A000FC2408 /* Exceptions for "medgfx" folder in "medgfx" target */,
			);
			path = medgfx;
			sourceTree = "<group>";
		};
		341DC6BC2F9AB2A000FC2408 /* medgfxTests */ = {
			isa = PBXFileSystemSynchronizedRootGroup;
			path = medgfxTests;
			sourceTree = "<group>";
		};
		341DC6C62F9AB2A000FC2408 /* medgfxUITests */ = {
			isa = PBXFileSystemSynchronizedRootGroup;
			path = medgfxUITests;
			sourceTree = "<group>";
		};
		QL0000000000000000000003 /* QuickLookPreview */ = {
			isa = PBXFileSystemSynchronizedRootGroup;
			exceptions = (
				QL0000000000000000000004 /* Exceptions for "QuickLookPreview" folder in "QuickLookPreview" target */,
			);
			path = QuickLookPreview;
			sourceTree = "<group>";
		};
/* End PBXFileSystemSynchronizedRootGroup section */

/* Begin PBXFrameworksBuildPhase section */
		341DC6A52F9AB29E00FC2408 /* Frameworks */ = {
			isa = PBXFrameworksBuildPhase;
			buildActionMask = 2147483647;
			files = (
				7A51617A20CAL0CAL0CAL0001 /* NiiVueKit in Frameworks */,
			);
			runOnlyForDeploymentPostprocessing = 0;
		};
		341DC6B62F9AB2A000FC2408 /* Frameworks */ = {
			isa = PBXFrameworksBuildPhase;
			buildActionMask = 2147483647;
			files = (
			);
			runOnlyForDeploymentPostprocessing = 0;
		};
		341DC6C02F9AB2A000FC2408 /* Frameworks */ = {
			isa = PBXFrameworksBuildPhase;
			buildActionMask = 2147483647;
			files = (
			);
			runOnlyForDeploymentPostprocessing = 0;
		};
		QL0000000000000000000010 /* Frameworks */ = {
			isa = PBXFrameworksBuildPhase;
			buildActionMask = 2147483647;
			files = (
			);
			runOnlyForDeploymentPostprocessing = 0;
		};
/* End PBXFrameworksBuildPhase section */

/* Begin PBXCopyFilesBuildPhase section */
		QL0000000000000000000005 /* Embed Foundation Extensions */ = {
			isa = PBXCopyFilesBuildPhase;
			buildActionMask = 2147483647;
			dstPath = "";
			dstSubfolderSpec = 13;
			files = (
				QL0000000000000000000002 /* QuickLookPreview.appex in Embed Foundation Extensions */,
			);
			name = "Embed Foundation Extensions";
			runOnlyForDeploymentPostprocessing = 0;
		};
/* End PBXCopyFilesBuildPhase section */

/* Begin PBXGroup section */
		341DC69F2F9AB29E00FC2408 = {
			isa = PBXGroup;
			children = (
				7A51617A10CAL0CAL0CAL0002 /* Signing.xcconfig.sample */,
				7A51617A10CAL0CAL0CAL0001 /* Signing.local.xcconfig */,
				341DC6AA2F9AB29E00FC2408 /* medgfx */,
				341DC6BC2F9AB2A000FC2408 /* medgfxTests */,
				341DC6C62F9AB2A000FC2408 /* medgfxUITests */,
				QL0000000000000000000003 /* QuickLookPreview */,
				341DC6A92F9AB29E00FC2408 /* Products */,
			);
			sourceTree = "<group>";
		};
		341DC6A92F9AB29E00FC2408 /* Products */ = {
			isa = PBXGroup;
			children = (
				341DC6A82F9AB29E00FC2408 /* medgfx.app */,
				341DC6B92F9AB2A000FC2408 /* medgfxTests.xctest */,
				341DC6C32F9AB2A000FC2408 /* medgfxUITests.xctest */,
				QL0000000000000000000001 /* QuickLookPreview.appex */,
			);
			name = Products;
			sourceTree = "<group>";
		};
/* End PBXGroup section */

/* Begin PBXNativeTarget section */
		341DC6A72F9AB29E00FC2408 /* medgfx */ = {
			isa = PBXNativeTarget;
			buildConfigurationList = 341DC6CC2F9AB2A000FC2408 /* Build configuration list for PBXNativeTarget "medgfx" */;
			buildPhases = (
				341DC6A42F9AB29E00FC2408 /* Sources */,
				341DC6A52F9AB29E00FC2408 /* Frameworks */,
				341DC6A62F9AB29E00FC2408 /* Resources */,
				341DC6FD2F9ABBAA00FC2408 /* Build and embed medgfx-web */,
				QL0000000000000000000005 /* Embed Foundation Extensions */,
			);
			buildRules = (
			);
			dependencies = (
				QL0000000000000000000006 /* PBXTargetDependency */,
			);
			fileSystemSynchronizedGroups = (
				341DC6AA2F9AB29E00FC2408 /* medgfx */,
			);
			name = medgfx;
			packageProductDependencies = (
				7A51617A20CAL0CAL0CAL0002 /* NiiVueKit */,
			);
			productName = medgfx;
			productReference = 341DC6A82F9AB29E00FC2408 /* medgfx.app */;
			productType = "com.apple.product-type.application";
		};
		341DC6B82F9AB2A000FC2408 /* medgfxTests */ = {
			isa = PBXNativeTarget;
			buildConfigurationList = 341DC6D12F9AB2A000FC2408 /* Build configuration list for PBXNativeTarget "medgfxTests" */;
			buildPhases = (
				341DC6B52F9AB2A000FC2408 /* Sources */,
				341DC6B62F9AB2A000FC2408 /* Frameworks */,
				341DC6B72F9AB2A000FC2408 /* Resources */,
			);
			buildRules = (
			);
			dependencies = (
				341DC6BB2F9AB2A000FC2408 /* PBXTargetDependency */,
			);
			fileSystemSynchronizedGroups = (
				341DC6BC2F9AB2A000FC2408 /* medgfxTests */,
			);
			name = medgfxTests;
			packageProductDependencies = (
			);
			productName = medgfxTests;
			productReference = 341DC6B92F9AB2A000FC2408 /* medgfxTests.xctest */;
			productType = "com.apple.product-type.bundle.unit-test";
		};
		341DC6C22F9AB2A000FC2408 /* medgfxUITests */ = {
			isa = PBXNativeTarget;
			buildConfigurationList = 341DC6D42F9AB2A000FC2408 /* Build configuration list for PBXNativeTarget "medgfxUITests" */;
			buildPhases = (
				341DC6BF2F9AB2A000FC2408 /* Sources */,
				341DC6C02F9AB2A000FC2408 /* Frameworks */,
				341DC6C12F9AB2A000FC2408 /* Resources */,
			);
			buildRules = (
			);
			dependencies = (
				341DC6C52F9AB2A000FC2408 /* PBXTargetDependency */,
			);
			fileSystemSynchronizedGroups = (
				341DC6C62F9AB2A000FC2408 /* medgfxUITests */,
			);
			name = medgfxUITests;
			packageProductDependencies = (
			);
			productName = medgfxUITests;
			productReference = 341DC6C32F9AB2A000FC2408 /* medgfxUITests.xctest */;
			productType = "com.apple.product-type.bundle.ui-testing";
		};
		QL0000000000000000000008 /* QuickLookPreview */ = {
			isa = PBXNativeTarget;
			buildConfigurationList = QL0000000000000000000013 /* Build configuration list for PBXNativeTarget "QuickLookPreview" */;
			buildPhases = (
				QL0000000000000000000009 /* Sources */,
				QL0000000000000000000010 /* Frameworks */,
				QL0000000000000000000011 /* Resources */,
				QL0000000000000000000012 /* Build and embed quicklook web page */,
			);
			buildRules = (
			);
			dependencies = (
			);
			fileSystemSynchronizedGroups = (
				QL0000000000000000000003 /* QuickLookPreview */,
			);
			name = QuickLookPreview;
			packageProductDependencies = (
			);
			productName = QuickLookPreview;
			productReference = QL0000000000000000000001 /* QuickLookPreview.appex */;
			productType = "com.apple.product-type.app-extension";
		};
/* End PBXNativeTarget section */

/* Begin PBXProject section */
		341DC6A02F9AB29E00FC2408 /* Project object */ = {
			isa = PBXProject;
			attributes = {
				BuildIndependentTargetsInParallel = 1;
				LastSwiftUpdateCheck = 2620;
				LastUpgradeCheck = 2620;
				TargetAttributes = {
					341DC6A72F9AB29E00FC2408 = {
						CreatedOnToolsVersion = 26.2;
					};
					341DC6B82F9AB2A000FC2408 = {
						CreatedOnToolsVersion = 26.2;
						TestTargetID = 341DC6A72F9AB29E00FC2408;
					};
					341DC6C22F9AB2A000FC2408 = {
						CreatedOnToolsVersion = 26.2;
						TestTargetID = 341DC6A72F9AB29E00FC2408;
					};
				};
			};
			buildConfigurationList = 341DC6A32F9AB29E00FC2408 /* Build configuration list for PBXProject "medgfx" */;
			developmentRegion = en;
			hasScannedForEncodings = 0;
			knownRegions = (
				en,
				Base,
			);
			mainGroup = 341DC69F2F9AB29E00FC2408;
			minimizedProjectReferenceProxies = 1;
			packageReferences = (
				7A51617A20CAL0CAL0CAL0003 /* XCLocalSwiftPackageReference "../../packages/niivue-swift" */,
			);
			preferredProjectObjectVersion = 77;
			productRefGroup = 341DC6A92F9AB29E00FC2408 /* Products */;
			projectDirPath = "";
			projectRoot = "";
			targets = (
				341DC6A72F9AB29E00FC2408 /* medgfx */,
				341DC6B82F9AB2A000FC2408 /* medgfxTests */,
				341DC6C22F9AB2A000FC2408 /* medgfxUITests */,
				QL0000000000000000000008 /* QuickLookPreview */,
			);
		};
/* End PBXProject section */

/* Begin PBXResourcesBuildPhase section */
		341DC6A62F9AB29E00FC2408 /* Resources */ = {
			isa = PBXResourcesBuildPhase;
			buildActionMask = 2147483647;
			files = (
			);
			runOnlyForDeploymentPostprocessing = 0;
		};
		341DC6B72F9AB2A000FC2408 /* Resources */ = {
			isa = PBXResourcesBuildPhase;
			buildActionMask = 2147483647;
			files = (
			);
			runOnlyForDeploymentPostprocessing = 0;
		};
		341DC6C12F9AB2A000FC2408 /* Resources */ = {
			isa = PBXResourcesBuildPhase;
			buildActionMask = 2147483647;
			files = (
			);
			runOnlyForDeploymentPostprocessing = 0;
		};
		QL0000000000000000000011 /* Resources */ = {
			isa = PBXResourcesBuildPhase;
			buildActionMask = 2147483647;
			files = (
			);
			runOnlyForDeploymentPostprocessing = 0;
		};
/* End PBXResourcesBuildPhase section */

/* Begin PBXShellScriptBuildPhase section */
		341DC6FD2F9ABBAA00FC2408 /* Build and embed medgfx-web */ = {
			isa = PBXShellScriptBuildPhase;
			alwaysOutOfDate = 1;
			buildActionMask = 2147483647;
			files = (
			);
			inputFileListPaths = (
			);
			inputPaths = (
				"$(SRCROOT)/web/package.json",
				"$(SRCROOT)/web/vite.config.ts",
				"$(SRCROOT)/web/index.html",
			);
			name = "Build and embed medgfx-web";
			outputFileListPaths = (
			);
			outputPaths = (
				"$(BUILT_PRODUCTS_DIR)/$(UNLOCALIZED_RESOURCES_FOLDER_PATH)/WebApp/index.html",
			);
			runOnlyForDeploymentPostprocessing = 0;
			shellPath = /bin/sh;
			shellScript = "set -euo pipefail\nif [ \"$CONFIGURATION\" != \"Release\" ]; then\n    echo \"[medgfx-web] skipping (CONFIGURATION=$CONFIGURATION)\"\n    exit 0\nfi\n\n# Xcode.app runs build scripts with a minimal PATH that excludes user tool\n# installs. Prepend common locations for bun / homebrew / node so `bunx`\n# and anything it spawns can be found.\nexport PATH=\"$HOME/.bun/bin:/opt/homebrew/bin:/usr/local/bin:$PATH\"\n\nif ! command -v bunx >/dev/null 2>&1; then\n    echo \"error: bunx not found on PATH ($PATH)\" >&2\n    exit 1\nfi\n\nREPO_ROOT=\"$SRCROOT/../..\"\nWEB_DIST=\"$SRCROOT/web/dist\"\nDEST=\"$BUILT_PRODUCTS_DIR/$UNLOCALIZED_RESOURCES_FOLDER_PATH/WebApp\"\n\necho \"[medgfx-web] building at $REPO_ROOT\"\ncd \"$REPO_ROOT\"\nbunx nx build medgfx-web\n\nif [ ! -d \"$WEB_DIST\" ]; then\n    echo \"error: expected $WEB_DIST to exist after build\" >&2\n    exit 1\nfi\n\necho \"[medgfx-web] copying $WEB_DIST -> $DEST\"\nmkdir -p \"$DEST\"\n/usr/bin/rsync -a --delete \"$WEB_DIST/\" \"$DEST/\"\n";
		};
		QL0000000000000000000012 /* Build and embed quicklook web page */ = {
			isa = PBXShellScriptBuildPhase;
			alwaysOutOfDate = 1;
			buildActionMask = 2147483647;
			files = (
			);
			inputFileListPaths = (
			);
			inputPaths = (
				"$(SRCROOT)/web/package.json",
				"$(SRCROOT)/web/vite.config.ts",
				"$(SRCROOT)/web/quicklook.html",
			);
			name = "Build and embed quicklook web page";
			outputFileListPaths = (
			);
			outputPaths = (
				"$(BUILT_PRODUCTS_DIR)/$(UNLOCALIZED_RESOURCES_FOLDER_PATH)/WebApp/quicklook.html",
			);
			runOnlyForDeploymentPostprocessing = 0;
			shellPath = /bin/sh;
			shellScript = "set -euo pipefail\n\n# Unlike the app target's phase, this one runs in EVERY configuration.\n# A Quick Look extension is launched cold by Finder and has no dev-server\n# option, so the bundled WebApp must always be present -- there is no\n# equivalent of the app's Debug/localhost:8083 path.\n\n# Xcode.app runs build scripts with a minimal PATH that excludes user tool\n# installs.\nexport PATH=\"$HOME/.bun/bin:/opt/homebrew/bin:/usr/local/bin:$PATH\"\n\nif ! command -v bunx >/dev/null 2>&1; then\n    echo \"error: bunx not found on PATH ($PATH)\" >&2\n    exit 1\nfi\n\nREPO_ROOT=\"$SRCROOT/../..\"\nWEB_DIST=\"$SRCROOT/web/dist\"\nDEST=\"$BUILT_PRODUCTS_DIR/$UNLOCALIZED_RESOURCES_FOLDER_PATH/WebApp\"\n\necho \"[quicklook-web] building at $REPO_ROOT\"\ncd \"$REPO_ROOT\"\nbunx nx build medgfx-web\n\n# quicklook.html specifically, not index.html: this target is useless without\n# the preview entry, and a stale dist/ from before the second Vite input was\n# added would otherwise ship silently.\nif [ ! -f \"$WEB_DIST/quicklook.html\" ]; then\n    echo \"error: expected $WEB_DIST/quicklook.html after build\" >&2\n    exit 1\nfi\n\necho \"[quicklook-web] copying $WEB_DIST -> $DEST\"\nmkdir -p \"$DEST\"\n/usr/bin/rsync -a --delete \"$WEB_DIST/\" \"$DEST/\"\n";
		};
/* End PBXShellScriptBuildPhase section */

/* Begin PBXSourcesBuildPhase section */
		341DC6A42F9AB29E00FC2408 /* Sources */ = {
			isa = PBXSourcesBuildPhase;
			buildActionMask = 2147483647;
			files = (
			);
			runOnlyForDeploymentPostprocessing = 0;
		};
		341DC6B52F9AB2A000FC2408 /* Sources */ = {
			isa = PBXSourcesBuildPhase;
			buildActionMask = 2147483647;
			files = (
			);
			runOnlyForDeploymentPostprocessing = 0;
		};
		341DC6BF2F9AB2A000FC2408 /* Sources */ = {
			isa = PBXSourcesBuildPhase;
			buildActionMask = 2147483647;
			files = (
			);
			runOnlyForDeploymentPostprocessing = 0;
		};
		QL0000000000000000000009 /* Sources */ = {
			isa = PBXSourcesBuildPhase;
			buildActionMask = 2147483647;
			files = (
			);
			runOnlyForDeploymentPostprocessing = 0;
		};
/* End PBXSourcesBuildPhase section */

/* Begin PBXTargetDependency section */
		341DC6BB2F9AB2A000FC2408 /* PBXTargetDependency */ = {
			isa = PBXTargetDependency;
			target = 341DC6A72F9AB29E00FC2408 /* medgfx */;
			targetProxy = 341DC6BA2F9AB2A000FC2408 /* PBXContainerItemProxy */;
		};
		341DC6C52F9AB2A000FC2408 /* PBXTargetDependency */ = {
			isa = PBXTargetDependency;
			target = 341DC6A72F9AB29E00FC2408 /* medgfx */;
			targetProxy = 341DC6C42F9AB2A000FC2408 /* PBXContainerItemProxy */;
		};
		QL0000000000000000000006 /* PBXTargetDependency */ = {
			isa = PBXTargetDependency;
			platformFilters = (
				macos,
			);
			target = QL0000000000000000000008 /* QuickLookPreview */;
			targetProxy = QL0000000000000000000007 /* PBXContainerItemProxy */;
		};
/* End PBXTargetDependency section */

/* Begin XCBuildConfiguration section */
		341DC6CD2F9AB2A000FC2408 /* Debug */ = {
			isa = XCBuildConfiguration;
			buildSettings = {
				ASSETCATALOG_COMPILER_APPICON_NAME = AppIcon;
				ASSETCATALOG_COMPILER_GLOBAL_ACCENT_COLOR_NAME = AccentColor;
				CODE_SIGN_ENTITLEMENTS = medgfx/medgfx.entitlements;
				CODE_SIGN_STYLE = Automatic;
				CURRENT_PROJECT_VERSION = 1;
				ENABLE_APP_SANDBOX = YES;
				ENABLE_HARDENED_RUNTIME = YES;
				ENABLE_INCOMING_NETWORK_CONNECTIONS = NO;
				ENABLE_OUTGOING_NETWORK_CONNECTIONS = YES;
				ENABLE_PREVIEWS = YES;
				ENABLE_RESOURCE_ACCESS_AUDIO_INPUT = NO;
				ENABLE_RESOURCE_ACCESS_BLUETOOTH = NO;
				ENABLE_RESOURCE_ACCESS_CALENDARS = NO;
				ENABLE_RESOURCE_ACCESS_CAMERA = NO;
				ENABLE_RESOURCE_ACCESS_CONTACTS = NO;
				ENABLE_RESOURCE_ACCESS_LOCATION = NO;
				ENABLE_RESOURCE_ACCESS_PRINTING = NO;
				ENABLE_RESOURCE_ACCESS_USB = NO;
				ENABLE_USER_SELECTED_FILES = readonly;
				GENERATE_INFOPLIST_FILE = YES;
				INFOPLIST_FILE = medgfx/Info.plist;
				INFOPLIST_KEY_CFBundleDisplayName = medgfx;
				INFOPLIST_KEY_LSApplicationCategoryType = "public.app-category.medical";
				"INFOPLIST_KEY_UIApplicationSceneManifest_Generation[sdk=iphoneos*]" = YES;
				"INFOPLIST_KEY_UIApplicationSceneManifest_Generation[sdk=iphonesimulator*]" = YES;
				"INFOPLIST_KEY_UIApplicationSupportsIndirectInputEvents[sdk=iphoneos*]" = YES;
				"INFOPLIST_KEY_UIApplicationSupportsIndirectInputEvents[sdk=iphonesimulator*]" = YES;
				"INFOPLIST_KEY_UILaunchScreen_Generation[sdk=iphoneos*]" = YES;
				"INFOPLIST_KEY_UILaunchScreen_Generation[sdk=iphonesimulator*]" = YES;
				"INFOPLIST_KEY_UIStatusBarStyle[sdk=iphoneos*]" = UIStatusBarStyleDefault;
				"INFOPLIST_KEY_UIStatusBarStyle[sdk=iphonesimulator*]" = UIStatusBarStyleDefault;
				INFOPLIST_KEY_UISupportedInterfaceOrientations_iPad = "UIInterfaceOrientationPortrait UIInterfaceOrientationPortraitUpsideDown UIInterfaceOrientationLandscapeLeft UIInterfaceOrientationLandscapeRight";
				INFOPLIST_KEY_UISupportedInterfaceOrientations_iPhone = "UIInterfaceOrientationPortrait UIInterfaceOrientationLandscapeLeft UIInterfaceOrientationLandscapeRight";
				IPHONEOS_DEPLOYMENT_TARGET = 26.2;
				LD_RUNPATH_SEARCH_PATHS = "@executable_path/Frameworks";
				"LD_RUNPATH_SEARCH_PATHS[sdk=macosx*]" = "@executable_path/../Frameworks";
				MACOSX_DEPLOYMENT_TARGET = 26.2;
				MARKETING_VERSION = 1.0.1;
				PRODUCT_BUNDLE_IDENTIFIER = com.niivue.medgfx;
				PRODUCT_NAME = "$(TARGET_NAME)";
				REGISTER_APP_GROUPS = YES;
				SDKROOT = auto;
				STRING_CATALOG_GENERATE_SYMBOLS = YES;
				SUPPORTED_PLATFORMS = "iphoneos iphonesimulator macosx xros xrsimulator";
				SWIFT_APPROACHABLE_CONCURRENCY = YES;
				SWIFT_DEFAULT_ACTOR_ISOLATION = MainActor;
				SWIFT_EMIT_LOC_STRINGS = YES;
				SWIFT_UPCOMING_FEATURE_MEMBER_IMPORT_VISIBILITY = YES;
				SWIFT_VERSION = 5.0;
				TARGETED_DEVICE_FAMILY = "1,2,7";
				XROS_DEPLOYMENT_TARGET = 26.2;
			};
			name = Debug;
		};
		341DC6CE2F9AB2A000FC2408 /* Release */ = {
			isa = XCBuildConfiguration;
			buildSettings = {
				ASSETCATALOG_COMPILER_APPICON_NAME = AppIcon;
				ASSETCATALOG_COMPILER_GLOBAL_ACCENT_COLOR_NAME = AccentColor;
				CODE_SIGN_ENTITLEMENTS = medgfx/medgfx.entitlements;
				CODE_SIGN_STYLE = Automatic;
				CURRENT_PROJECT_VERSION = 1;
				ENABLE_APP_SANDBOX = YES;
				ENABLE_HARDENED_RUNTIME = YES;
				ENABLE_INCOMING_NETWORK_CONNECTIONS = NO;
				ENABLE_OUTGOING_NETWORK_CONNECTIONS = YES;
				ENABLE_PREVIEWS = YES;
				ENABLE_RESOURCE_ACCESS_AUDIO_INPUT = NO;
				ENABLE_RESOURCE_ACCESS_BLUETOOTH = NO;
				ENABLE_RESOURCE_ACCESS_CALENDARS = NO;
				ENABLE_RESOURCE_ACCESS_CAMERA = NO;
				ENABLE_RESOURCE_ACCESS_CONTACTS = NO;
				ENABLE_RESOURCE_ACCESS_LOCATION = NO;
				ENABLE_RESOURCE_ACCESS_PRINTING = NO;
				ENABLE_RESOURCE_ACCESS_USB = NO;
				ENABLE_USER_SELECTED_FILES = readonly;
				GENERATE_INFOPLIST_FILE = YES;
				INFOPLIST_FILE = medgfx/Info.plist;
				INFOPLIST_KEY_CFBundleDisplayName = medgfx;
				INFOPLIST_KEY_LSApplicationCategoryType = "public.app-category.medical";
				"INFOPLIST_KEY_UIApplicationSceneManifest_Generation[sdk=iphoneos*]" = YES;
				"INFOPLIST_KEY_UIApplicationSceneManifest_Generation[sdk=iphonesimulator*]" = YES;
				"INFOPLIST_KEY_UIApplicationSupportsIndirectInputEvents[sdk=iphoneos*]" = YES;
				"INFOPLIST_KEY_UIApplicationSupportsIndirectInputEvents[sdk=iphonesimulator*]" = YES;
				"INFOPLIST_KEY_UILaunchScreen_Generation[sdk=iphoneos*]" = YES;
				"INFOPLIST_KEY_UILaunchScreen_Generation[sdk=iphonesimulator*]" = YES;
				"INFOPLIST_KEY_UIStatusBarStyle[sdk=iphoneos*]" = UIStatusBarStyleDefault;
				"INFOPLIST_KEY_UIStatusBarStyle[sdk=iphonesimulator*]" = UIStatusBarStyleDefault;
				INFOPLIST_KEY_UISupportedInterfaceOrientations_iPad = "UIInterfaceOrientationPortrait UIInterfaceOrientationPortraitUpsideDown UIInterfaceOrientationLandscapeLeft UIInterfaceOrientationLandscapeRight";
				INFOPLIST_KEY_UISupportedInterfaceOrientations_iPhone = "UIInterfaceOrientationPortrait UIInterfaceOrientationLandscapeLeft UIInterfaceOrientationLandscapeRight";
				IPHONEOS_DEPLOYMENT_TARGET = 26.2;
				LD_RUNPATH_SEARCH_PATHS = "@executable_path/Frameworks";
				"LD_RUNPATH_SEARCH_PATHS[sdk=macosx*]" = "@executable_path/../Frameworks";
				MACOSX_DEPLOYMENT_TARGET = 26.2;
				MARKETING_VERSION = 1.0.1;
				PRODUCT_BUNDLE_IDENTIFIER = com.niivue.medgfx;
				PRODUCT_NAME = "$(TARGET_NAME)";
				REGISTER_APP_GROUPS = YES;
				SDKROOT = auto;
				STRING_CATALOG_GENERATE_SYMBOLS = YES;
				SUPPORTED_PLATFORMS = "iphoneos iphonesimulator macosx xros xrsimulator";
				SWIFT_APPROACHABLE_CONCURRENCY = YES;
				SWIFT_DEFAULT_ACTOR_ISOLATION = MainActor;
				SWIFT_EMIT_LOC_STRINGS = YES;
				SWIFT_UPCOMING_FEATURE_MEMBER_IMPORT_VISIBILITY = YES;
				SWIFT_VERSION = 5.0;
				TARGETED_DEVICE_FAMILY = "1,2,7";
				XROS_DEPLOYMENT_TARGET = 26.2;
			};
			name = Release;
		};
		341DC6CF2F9AB2A000FC2408 /* Debug */ = {
			isa = XCBuildConfiguration;
			baseConfigurationReference = 7A51617A10CAL0CAL0CAL0001 /* Signing.local.xcconfig */;
			buildSettings = {
				ALWAYS_SEARCH_USER_PATHS = NO;
				ASSETCATALOG_COMPILER_GENERATE_SWIFT_ASSET_SYMBOL_EXTENSIONS = YES;
				CLANG_ANALYZER_NONNULL = YES;
				CLANG_ANALYZER_NUMBER_OBJECT_CONVERSION = YES_AGGRESSIVE;
				CLANG_CXX_LANGUAGE_STANDARD = "gnu++20";
				CLANG_ENABLE_MODULES = YES;
				CLANG_ENABLE_OBJC_ARC = YES;
				CLANG_ENABLE_OBJC_WEAK = YES;
				CLANG_WARN_BLOCK_CAPTURE_AUTORELEASING = YES;
				CLANG_WARN_BOOL_CONVERSION = YES;
				CLANG_WARN_COMMA = YES;
				CLANG_WARN_CONSTANT_CONVERSION = YES;
				CLANG_WARN_DEPRECATED_OBJC_IMPLEMENTATIONS = YES;
				CLANG_WARN_DIRECT_OBJC_ISA_USAGE = YES_ERROR;
				CLANG_WARN_DOCUMENTATION_COMMENTS = YES;
				CLANG_WARN_EMPTY_BODY = YES;
				CLANG_WARN_ENUM_CONVERSION = YES;
				CLANG_WARN_INFINITE_RECURSION = YES;
				CLANG_WARN_INT_CONVERSION = YES;
				CLANG_WARN_NON_LITERAL_NULL_CONVERSION = YES;
				CLANG_WARN_OBJC_IMPLICIT_RETAIN_SELF = YES;
				CLANG_WARN_OBJC_LITERAL_CONVERSION = YES;
				CLANG_WARN_OBJC_ROOT_CLASS = YES_ERROR;
				CLANG_WARN_QUOTED_INCLUDE_IN_FRAMEWORK_HEADER = YES;
				CLANG_WARN_RANGE_LOOP_ANALYSIS = YES;
				CLANG_WARN_STRICT_PROTOTYPES = YES;
				CLANG_WARN_SUSPICIOUS_MOVE = YES;
				CLANG_WARN_UNGUARDED_AVAILABILITY = YES_AGGRESSIVE;
				CLANG_WARN_UNREACHABLE_CODE = YES;
				CLANG_WARN__DUPLICATE_METHOD_MATCH = YES;
				COPY_PHASE_STRIP = NO;
				DEBUG_INFORMATION_FORMAT = dwarf;
				ENABLE_STRICT_OBJC_MSGSEND = YES;
				ENABLE_TESTABILITY = YES;
				ENABLE_USER_SCRIPT_SANDBOXING = NO;
				GCC_C_LANGUAGE_STANDARD = gnu17;
				GCC_DYNAMIC_NO_PIC = NO;
				GCC_NO_COMMON_BLOCKS = YES;
				GCC_OPTIMIZATION_LEVEL = 0;
				GCC_PREPROCESSOR_DEFINITIONS = (
					"DEBUG=1",
					"$(inherited)",
				);
				GCC_WARN_64_TO_32_BIT_CONVERSION = YES;
				GCC_WARN_ABOUT_RETURN_TYPE = YES_ERROR;
				GCC_WARN_UNDECLARED_SELECTOR = YES;
				GCC_WARN_UNINITIALIZED_AUTOS = YES_AGGRESSIVE;
				GCC_WARN_UNUSED_FUNCTION = YES;
				GCC_WARN_UNUSED_VARIABLE = YES;
				LOCALIZATION_PREFERS_STRING_CATALOGS = YES;
				MTL_ENABLE_DEBUG_INFO = INCLUDE_SOURCE;
				MTL_FAST_MATH = YES;
				ONLY_ACTIVE_ARCH = YES;
				SWIFT_ACTIVE_COMPILATION_CONDITIONS = "DEBUG $(inherited)";
				SWIFT_OPTIMIZATION_LEVEL = "-Onone";
			};
			name = Debug;
		};
		341DC6D02F9AB2A000FC2408 /* Release */ = {
			isa = XCBuildConfiguration;
			baseConfigurationReference = 7A51617A10CAL0CAL0CAL0001 /* Signing.local.xcconfig */;
			buildSettings = {
				ALWAYS_SEARCH_USER_PATHS = NO;
				ASSETCATALOG_COMPILER_GENERATE_SWIFT_ASSET_SYMBOL_EXTENSIONS = YES;
				CLANG_ANALYZER_NONNULL = YES;
				CLANG_ANALYZER_NUMBER_OBJECT_CONVERSION = YES_AGGRESSIVE;
				CLANG_CXX_LANGUAGE_STANDARD = "gnu++20";
				CLANG_ENABLE_MODULES = YES;
				CLANG_ENABLE_OBJC_ARC = YES;
				CLANG_ENABLE_OBJC_WEAK = YES;
				CLANG_WARN_BLOCK_CAPTURE_AUTORELEASING = YES;
				CLANG_WARN_BOOL_CONVERSION = YES;
				CLANG_WARN_COMMA = YES;
				CLANG_WARN_CONSTANT_CONVERSION = YES;
				CLANG_WARN_DEPRECATED_OBJC_IMPLEMENTATIONS = YES;
				CLANG_WARN_DIRECT_OBJC_ISA_USAGE = YES_ERROR;
				CLANG_WARN_DOCUMENTATION_COMMENTS = YES;
				CLANG_WARN_EMPTY_BODY = YES;
				CLANG_WARN_ENUM_CONVERSION = YES;
				CLANG_WARN_INFINITE_RECURSION = YES;
				CLANG_WARN_INT_CONVERSION = YES;
				CLANG_WARN_NON_LITERAL_NULL_CONVERSION = YES;
				CLANG_WARN_OBJC_IMPLICIT_RETAIN_SELF = YES;
				CLANG_WARN_OBJC_LITERAL_CONVERSION = YES;
				CLANG_WARN_OBJC_ROOT_CLASS = YES_ERROR;
				CLANG_WARN_QUOTED_INCLUDE_IN_FRAMEWORK_HEADER = YES;
				CLANG_WARN_RANGE_LOOP_ANALYSIS = YES;
				CLANG_WARN_STRICT_PROTOTYPES = YES;
				CLANG_WARN_SUSPICIOUS_MOVE = YES;
				CLANG_WARN_UNGUARDED_AVAILABILITY = YES_AGGRESSIVE;
				CLANG_WARN_UNREACHABLE_CODE = YES;
				CLANG_WARN__DUPLICATE_METHOD_MATCH = YES;
				COPY_PHASE_STRIP = NO;
				DEBUG_INFORMATION_FORMAT = "dwarf-with-dsym";
				ENABLE_NS_ASSERTIONS = NO;
				ENABLE_STRICT_OBJC_MSGSEND = YES;
				ENABLE_USER_SCRIPT_SANDBOXING = NO;
				GCC_C_LANGUAGE_STANDARD = gnu17;
				GCC_NO_COMMON_BLOCKS = YES;
				GCC_WARN_64_TO_32_BIT_CONVERSION = YES;
				GCC_WARN_ABOUT_RETURN_TYPE = YES_ERROR;
				GCC_WARN_UNDECLARED_SELECTOR = YES;
				GCC_WARN_UNINITIALIZED_AUTOS = YES_AGGRESSIVE;
				GCC_WARN_UNUSED_FUNCTION = YES;
				GCC_WARN_UNUSED_VARIABLE = YES;
				LOCALIZATION_PREFERS_STRING_CATALOGS = YES;
				MTL_ENABLE_DEBUG_INFO = NO;
				MTL_FAST_MATH = YES;
				SWIFT_COMPILATION_MODE = wholemodule;
			};
			name = Release;
		};
		341DC6D22F9AB2A000FC2408 /* Debug */ = {
			isa = XCBuildConfiguration;
			buildSettings = {
				BUNDLE_LOADER = "$(TEST_HOST)";
				CODE_SIGN_STYLE = Automatic;
				CURRENT_PROJECT_VERSION = 1;
				GENERATE_INFOPLIST_FILE = YES;
				IPHONEOS_DEPLOYMENT_TARGET = 26.2;
				MACOSX_DEPLOYMENT_TARGET = 26.2;
				MARKETING_VERSION = 1.0.1;
				PRODUCT_BUNDLE_IDENTIFIER = com.niivue.medgfxTests;
				PRODUCT_NAME = "$(TARGET_NAME)";
				SDKROOT = auto;
				STRING_CATALOG_GENERATE_SYMBOLS = NO;
				SUPPORTED_PLATFORMS = "iphoneos iphonesimulator macosx xros xrsimulator";
				SWIFT_APPROACHABLE_CONCURRENCY = YES;
				SWIFT_EMIT_LOC_STRINGS = NO;
				SWIFT_UPCOMING_FEATURE_MEMBER_IMPORT_VISIBILITY = YES;
				SWIFT_VERSION = 5.0;
				TARGETED_DEVICE_FAMILY = "1,2,7";
				TEST_HOST = "$(BUILT_PRODUCTS_DIR)/medgfx.app/$(BUNDLE_EXECUTABLE_FOLDER_PATH)/medgfx";
				XROS_DEPLOYMENT_TARGET = 26.2;
			};
			name = Debug;
		};
		341DC6D32F9AB2A000FC2408 /* Release */ = {
			isa = XCBuildConfiguration;
			buildSettings = {
				BUNDLE_LOADER = "$(TEST_HOST)";
				CODE_SIGN_STYLE = Automatic;
				CURRENT_PROJECT_VERSION = 1;
				GENERATE_INFOPLIST_FILE = YES;
				IPHONEOS_DEPLOYMENT_TARGET = 26.2;
				MACOSX_DEPLOYMENT_TARGET = 26.2;
				MARKETING_VERSION = 1.0.1;
				PRODUCT_BUNDLE_IDENTIFIER = com.niivue.medgfxTests;
				PRODUCT_NAME = "$(TARGET_NAME)";
				SDKROOT = auto;
				STRING_CATALOG_GENERATE_SYMBOLS = NO;
				SUPPORTED_PLATFORMS = "iphoneos iphonesimulator macosx xros xrsimulator";
				SWIFT_APPROACHABLE_CONCURRENCY = YES;
				SWIFT_EMIT_LOC_STRINGS = NO;
				SWIFT_UPCOMING_FEATURE_MEMBER_IMPORT_VISIBILITY = YES;
				SWIFT_VERSION = 5.0;
				TARGETED_DEVICE_FAMILY = "1,2,7";
				TEST_HOST = "$(BUILT_PRODUCTS_DIR)/medgfx.app/$(BUNDLE_EXECUTABLE_FOLDER_PATH)/medgfx";
				XROS_DEPLOYMENT_TARGET = 26.2;
			};
			name = Release;
		};
		341DC6D52F9AB2A000FC2408 /* Debug */ = {
			isa = XCBuildConfiguration;
			buildSettings = {
				CODE_SIGN_STYLE = Automatic;
				CURRENT_PROJECT_VERSION = 1;
				GENERATE_INFOPLIST_FILE = YES;
				IPHONEOS_DEPLOYMENT_TARGET = 26.2;
				MACOSX_DEPLOYMENT_TARGET = 26.2;
				MARKETING_VERSION = 1.0.1;
				PRODUCT_BUNDLE_IDENTIFIER = com.niivue.medgfxUITests;
				PRODUCT_NAME = "$(TARGET_NAME)";
				SDKROOT = auto;
				STRING_CATALOG_GENERATE_SYMBOLS = NO;
				SUPPORTED_PLATFORMS = "iphoneos iphonesimulator macosx xros xrsimulator";
				SWIFT_APPROACHABLE_CONCURRENCY = YES;
				SWIFT_EMIT_LOC_STRINGS = NO;
				SWIFT_UPCOMING_FEATURE_MEMBER_IMPORT_VISIBILITY = YES;
				SWIFT_VERSION = 5.0;
				TARGETED_DEVICE_FAMILY = "1,2,7";
				TEST_TARGET_NAME = medgfx;
				XROS_DEPLOYMENT_TARGET = 26.2;
			};
			name = Debug;
		};
		341DC6D62F9AB2A000FC2408 /* Release */ = {
			isa = XCBuildConfiguration;
			buildSettings = {
				CODE_SIGN_STYLE = Automatic;
				CURRENT_PROJECT_VERSION = 1;
				GENERATE_INFOPLIST_FILE = YES;
				IPHONEOS_DEPLOYMENT_TARGET = 26.2;
				MACOSX_DEPLOYMENT_TARGET = 26.2;
				MARKETING_VERSION = 1.0.1;
				PRODUCT_BUNDLE_IDENTIFIER = com.niivue.medgfxUITests;
				PRODUCT_NAME = "$(TARGET_NAME)";
				SDKROOT = auto;
				STRING_CATALOG_GENERATE_SYMBOLS = NO;
				SUPPORTED_PLATFORMS = "iphoneos iphonesimulator macosx xros xrsimulator";
				SWIFT_APPROACHABLE_CONCURRENCY = YES;
				SWIFT_EMIT_LOC_STRINGS = NO;
				SWIFT_UPCOMING_FEATURE_MEMBER_IMPORT_VISIBILITY = YES;
				SWIFT_VERSION = 5.0;
				TARGETED_DEVICE_FAMILY = "1,2,7";
				TEST_TARGET_NAME = medgfx;
				XROS_DEPLOYMENT_TARGET = 26.2;
			};
			name = Release;
		};
		QL0000000000000000000014 /* Debug */ = {
			isa = XCBuildConfiguration;
			buildSettings = {
				CODE_SIGN_ENTITLEMENTS = QuickLookPreview/QuickLookPreview.entitlements;
				CODE_SIGN_STYLE = Automatic;
				CURRENT_PROJECT_VERSION = 1;
				ENABLE_HARDENED_RUNTIME = YES;
				GENERATE_INFOPLIST_FILE = NO;
				INFOPLIST_FILE = QuickLookPreview/Info.plist;
				LD_RUNPATH_SEARCH_PATHS = (
					"$(inherited)",
					"@executable_path/../Frameworks",
					"@executable_path/../../../../Frameworks",
				);
				MACOSX_DEPLOYMENT_TARGET = 26.2;
				MARKETING_VERSION = 1.0.1;
				PRODUCT_BUNDLE_IDENTIFIER = com.niivue.medgfx.QuickLookPreview;
				PRODUCT_NAME = "$(TARGET_NAME)";
				SDKROOT = macosx;
				SKIP_INSTALL = YES;
				SUPPORTED_PLATFORMS = macosx;
				SWIFT_EMIT_LOC_STRINGS = YES;
				SWIFT_VERSION = 5.0;
			};
			name = Debug;
		};
		QL0000000000000000000015 /* Release */ = {
			isa = XCBuildConfiguration;
			buildSettings = {
				CODE_SIGN_ENTITLEMENTS = QuickLookPreview/QuickLookPreview.entitlements;
				CODE_SIGN_STYLE = Automatic;
				CURRENT_PROJECT_VERSION = 1;
				ENABLE_HARDENED_RUNTIME = YES;
				GENERATE_INFOPLIST_FILE = NO;
				INFOPLIST_FILE = QuickLookPreview/Info.plist;
				LD_RUNPATH_SEARCH_PATHS = (
					"$(inherited)",
					"@executable_path/../Frameworks",
					"@executable_path/../../../../Frameworks",
				);
				MACOSX_DEPLOYMENT_TARGET = 26.2;
				MARKETING_VERSION = 1.0.1;
				PRODUCT_BUNDLE_IDENTIFIER = com.niivue.medgfx.QuickLookPreview;
				PRODUCT_NAME = "$(TARGET_NAME)";
				SDKROOT = macosx;
				SKIP_INSTALL = YES;
				SUPPORTED_PLATFORMS = macosx;
				SWIFT_EMIT_LOC_STRINGS = YES;
				SWIFT_VERSION = 5.0;
			};
			name = Release;
		};
/* End XCBuildConfiguration section */

/* Begin XCConfigurationList section */
		341DC6A32F9AB29E00FC2408 /* Build configuration list for PBXProject "medgfx" */ = {
			isa = XCConfigurationList;
			buildConfigurations = (
				341DC6CF2F9AB2A000FC2408 /* Debug */,
				341DC6D02F9AB2A000FC2408 /* Release */,
			);
			defaultConfigurationIsVisible = 0;
			defaultConfigurationName = Release;
		};
		341DC6CC2F9AB2A000FC2408 /* Build configuration list for PBXNativeTarget "medgfx" */ = {
			isa = XCConfigurationList;
			buildConfigurations = (
				341DC6CD2F9AB2A000FC2408 /* Debug */,
				341DC6CE2F9AB2A000FC2408 /* Release */,
			);
			defaultConfigurationIsVisible = 0;
			defaultConfigurationName = Release;
		};
		341DC6D12F9AB2A000FC2408 /* Build configuration list for PBXNativeTarget "medgfxTests" */ = {
			isa = XCConfigurationList;
			buildConfigurations = (
				341DC6D22F9AB2A000FC2408 /* Debug */,
				341DC6D32F9AB2A000FC2408 /* Release */,
			);
			defaultConfigurationIsVisible = 0;
			defaultConfigurationName = Release;
		};
		341DC6D42F9AB2A000FC2408 /* Build configuration list for PBXNativeTarget "medgfxUITests" */ = {
			isa = XCConfigurationList;
			buildConfigurations = (
				341DC6D52F9AB2A000FC2408 /* Debug */,
				341DC6D62F9AB2A000FC2408 /* Release */,
			);
			defaultConfigurationIsVisible = 0;
			defaultConfigurationName = Release;
		};
		QL0000000000000000000013 /* Build configuration list for PBXNativeTarget "QuickLookPreview" */ = {
			isa = XCConfigurationList;
			buildConfigurations = (
				QL0000000000000000000014 /* Debug */,
				QL0000000000000000000015 /* Release */,
			);
			defaultConfigurationIsVisible = 0;
			defaultConfigurationName = Release;
		};
/* End XCConfigurationList section */

/* Begin XCLocalSwiftPackageReference section */
		7A51617A20CAL0CAL0CAL0003 /* XCLocalSwiftPackageReference "../../packages/niivue-swift" */ = {
			isa = XCLocalSwiftPackageReference;
			relativePath = "../../packages/niivue-swift";
		};
/* End XCLocalSwiftPackageReference section */

/* Begin XCSwiftPackageProductDependency section */
		7A51617A20CAL0CAL0CAL0002 /* NiiVueKit */ = {
			isa = XCSwiftPackageProductDependency;
			productName = NiiVueKit;
		};
/* End XCSwiftPackageProductDependency section */
	};
	rootObject = 341DC6A02F9AB29E00FC2408 /* Project object */;
}
